# This file is automatically @generated by Cargo.
# It is not intended for manual editing.
version = 4

[[package]]
name = "Odessy"
version = "0.1.0"
dependencies = [
 "character",
 "military",
 "monster",
 "vitality",
]

[[package]]
name = "character"
version = "0.1.0"

[[package]]
name = "military"
version = "0.1.0"

[[package]]
name = "monster"
version = "0.1.0"

[[package]]
name = "vitality"
version = "0.1.0"
